
Microsoft Visual Studio Solution File, Format Version 12.00
# Visual Studio Version 16
VisualStudioVersion = 16.0.29102.190
MinimumVisualStudioVersion = 10.0.40219.1
Project("{FAE04EC0-301F-11D3-BF4B-00C04F79EFBC}") = "JogoXadrez", "JogoXadrez\JogoXadrez.csproj", "{A8489503-1496-4BE4-AE78-7F84E7BCBA06}"
EndProject
Global
	GlobalSection(SolutionConfigurationPlatforms) = preSolution
		Debug|Any CPU = Debug|Any CPU
		Release|Any CPU = Release|Any CPU
	EndGlobalSection
	GlobalSection(ProjectConfigurationPlatforms) = postSolution
		{A8489503-1496-4BE4-AE78-7F84E7BCBA06}.Debug|Any CPU.ActiveCfg = Debug|Any CPU
		{A8489503-1496-4BE4-AE78-7F84E7BCBA06}.Debug|Any CPU.Build.0 = Debug|Any CPU
		{A8489503-1496-4BE4-AE78-7F84E7BCBA06}.Release|Any CPU.ActiveCfg = Release|Any CPU
		{A8489503-1496-4BE4-AE78-7F84E7BCBA06}.Release|Any CPU.Build.0 = Release|Any CPU
	EndGlobalSection
	GlobalSection(SolutionProperties) = preSolution
		HideSolutionNode = FALSE
	EndGlobalSection
	GlobalSection(ExtensibilityGlobals) = postSolution
		SolutionGuid = {BF68A6B7-5F7F-4621-89F9-D5440C90DF49}
	EndGlobalSection
EndGlobal
